
Microsoft Visual Studio Solution File, Format Version 12.00
# Visual Studio Version 17
VisualStudioVersion = 17.2.32505.173
MinimumVisualStudioVersion = 10.0.40219.1
Project("{9A19103F-16F7-4668-BE54-9A1E7A4F7556}") = "WebHook", "WebHook\WebHook.csproj", "{9803EC6F-8776-451C-BC5F-97B73757CB54}"
EndProject
Project("{FAE04EC0-301F-11D3-BF4B-00C04F79EFBC}") = "WebHookUnitTest", "WebHookUnitTest\WebHookUnitTest.csproj", "{1B1A98A5-D859-4990-90E8-294407AE21BC}"
EndProject
Global
	GlobalSection(SolutionConfigurationPlatforms) = preSolution
		Debug|Any CPU = Debug|Any CPU
		Release|Any CPU = Release|Any CPU
	EndGlobalSection
	GlobalSection(ProjectConfigurationPlatforms) = postSolution
		{9803EC6F-8776-451C-BC5F-97B73757CB54}.Debug|Any CPU.ActiveCfg = Debug|Any CPU
		{9803EC6F-8776-451C-BC5F-97B73757CB54}.Debug|Any CPU.Build.0 = Debug|Any CPU
		{9803EC6F-8776-451C-BC5F-97B73757CB54}.Release|Any CPU.ActiveCfg = Release|Any CPU
		{9803EC6F-8776-451C-BC5F-97B73757CB54}.Release|Any CPU.Build.0 = Release|Any CPU
		{1B1A98A5-D859-4990-90E8-294407AE21BC}.Debug|Any CPU.ActiveCfg = Debug|Any CPU
		{1B1A98A5-D859-4990-90E8-294407AE21BC}.Debug|Any CPU.Build.0 = Debug|Any CPU
		{1B1A98A5-D859-4990-90E8-294407AE21BC}.Release|Any CPU.ActiveCfg = Release|Any CPU
		{1B1A98A5-D859-4990-90E8-294407AE21BC}.Release|Any CPU.Build.0 = Release|Any CPU
	EndGlobalSection
	GlobalSection(SolutionProperties) = preSolution
		HideSolutionNode = FALSE
	EndGlobalSection
	GlobalSection(ExtensibilityGlobals) = postSolution
		SolutionGuid = {A3A6B3BA-59BD-4A13-AD64-2796AB098205}
	EndGlobalSection
EndGlobal
